# THIS IS AN AUTOGENERATED FILE. DO NOT EDIT THIS FILE DIRECTLY.
# yarn lockfile v1


google-protobuf@^3.9.1:
  version "3.9.1"
  resolved "https://registry.yarnpkg.com/google-protobuf/-/google-protobuf-3.9.1.tgz#87e6a16b7fb16405b515a6c6622d5ace45578d86"
  integrity sha512-tkz7SVwBktFbqFK3teXFUY/VM57+mbUgV9bSD+sZH1ocHJ7uk7BfEWMRdU24dd0ciUDokreA7ghH2fYFIczQdw==
